// !$*UTF8*$!
{
	archiveVersion = 1;
	classes = {
	};
	objectVersion = 46;
	objects = {

/* Begin PBXBuildFile section */
		1160A9206ED2D64E00B9464A /* Images.xcassets */ = {isa = PBXBuildFile; fileRef = D283F3D44EE961165066F2CF; };
		396A01B986C0931ABE30CC37 /* Main.cpp */ = {isa = PBXBuildFile; fileRef = 89E47C2A15AF015ACA1B3401; };
		39D7AA01DE3280E5E1A45470 /* CoreImage.framework */ = {isa = PBXBuildFile; fileRef = 8CC450FC757C6846D283833F; };
		50F5A7593FE780EFBD589692 /* include_juce_gui_basics.mm */ = {isa = PBXBuildFile; fileRef = B571AA1E3EB8F1D6201FBB96; };
		69F2FFBC2478FD1B4912E91C /* App */ = {isa = PBXBuildFile; fileRef = 320997770D21830696D9CE83; };
		818FE4258BD253C40FC5FA48 /* CoreGraphics.framework */ = {isa = PBXBuildFile; fileRef = 7EE1E78FA8E3C9E1D58E5944; };
		8568B242DB928B76824A69AF /* LaunchScreen.storyboard */ = {isa = PBXBuildFile; fileRef = 25DDCB33474DE7090B1D1A32; };
		8B641F358F4AE439BC225375 /* include_juce_core.mm */ = {isa = PBXBuildFile; fileRef = 0BBB2AB980B8DB9720974E6E; };
		8CC94E34139C1A68C9E79576 /* UIKit.framework */ = {isa = PBXBuildFile; fileRef = BBD3034673ED2D3A1B5D686D; };
		92FC38D2F01B36574B34DD1B /* CoreServices.framework */ = {isa = PBXBuildFile; fileRef = F3CA68B2C5FC327AFA0442AB; };
		A49F22182830D3C1429B7D84 /* include_juce_events.mm */ = {isa = PBXBuildFile; fileRef = 0F814D5AD5730FAEEF5577D2; };
		AE04B22B0C316B362C2C1E3F /* Foundation.framework */ = {isa = PBXBuildFile; fileRef = BF2C7D2171CA31FE40E88539; };
		D13A1E845B56E012D88F0087 /* QuartzCore.framework */ = {isa = PBXBuildFile; fileRef = 6D74482B49678B77736902EC; };
		D14384D09393021E76C64082 /* CoreText.framework */ = {isa = PBXBuildFile; fileRef = 7F3FF39450191A2449E8B746; };
		DCC3AADE1846616EE2143EA1 /* include_juce_graphics.mm */ = {isa = PBXBuildFile; fileRef = 1782CD542F521900F2636F6A; };
		EDEC5E9AAA4E8553CBF8C270 /* include_juce_data_structures.mm */ = {isa = PBXBuildFile; fileRef = 3A69BB5DF5E65B2ED0AD069E; };
/* End PBXBuildFile section */

/* Begin PBXFileReference section */
		0BBB2AB980B8DB9720974E6E /* include_juce_core.mm */ /* include_juce_core.mm */ = {isa = PBXFileReference; lastKnownFileType = sourcecode.cpp.objcpp; name = include_juce_core.mm; path = ../../JuceLibraryCode/include_juce_core.mm; sourceTree = SOURCE_ROOT; };
		0F814D5AD5730FAEEF5577D2 /* include_juce_events.mm */ /* include_juce_events.mm */ = {isa = PBXFileReference; lastKnownFileType = sourcecode.cpp.objcpp; name = include_juce_events.mm; path = ../../JuceLibraryCode/include_juce_events.mm; sourceTree = SOURCE_ROOT; };
		1782CD542F521900F2636F6A /* include_juce_graphics.mm */ /* include_juce_graphics.mm */ = {isa = PBXFileReference; lastKnownFileType = sourcecode.cpp.objcpp; name = include_juce_graphics.mm; path = ../../JuceLibraryCode/include_juce_graphics.mm; sourceTree = SOURCE_ROOT; };
		1AEBB589B7EEAE9B3EE12DA9 /* juce_data_structures */ /* juce_data_structures */ = {isa = PBXFileReference; lastKnownFileType = folder; name = juce_data_structures; path = "~/JUCE/modules/juce_data_structures"; sourceTree = "<absolute>"; };
		25DDCB33474DE7090B1D1A32 /* LaunchScreen.storyboard */ /* LaunchScreen.storyboard */ = {isa = PBXFileReference; lastKnownFileType = file.storyboard; name = LaunchScreen.storyboard; path = LaunchScreen.storyboard; sourceTree = SOURCE_ROOT; };
		320997770D21830696D9CE83 /* App */ = {isa = PBXFileReference; explicitFileType = wrapper.application; includeInIndex = 0; path = SliderValuesTutorial.app; sourceTree = BUILT_PRODUCTS_DIR; };
		3A69BB5DF5E65B2ED0AD069E /* include_juce_data_structures.mm */ /* include_juce_data_structures.mm */ = {isa = PBXFileReference; lastKnownFileType = sourcecode.cpp.objcpp; name = include_juce_data_structures.mm; path = ../../JuceLibraryCode/include_juce_data_structures.mm; sourceTree = SOURCE_ROOT; };
		3C866B2F9C3D09CAF4946C21 /* juce_graphics */ /* juce_graphics */ = {isa = PBXFileReference; lastKnownFileType = folder; name = juce_graphics; path = "~/JUCE/modules/juce_graphics"; sourceTree = "<absolute>"; };
		60379EFE6D617D0F7DDAF2B9 /* juce_events */ /* juce_events */ = {isa = PBXFileReference; lastKnownFileType = folder; name = juce_events; path = "~/JUCE/modules/juce_events"; sourceTree = "<absolute>"; };
		630936838838760F7A115EEC /* JuceHeader.h */ /* JuceHeader.h */ = {isa = PBXFileReference; lastKnownFileType = sourcecode.c.h; name = JuceHeader.h; path = ../../JuceLibraryCode/JuceHeader.h; sourceTree = SOURCE_ROOT; };
		6D74482B49678B77736902EC /* QuartzCore.framework */ /* QuartzCore.framework */ = {isa = PBXFileReference; lastKnownFileType = wrapper.framework; name = QuartzCore.framework; path = System/Library/Frameworks/QuartzCore.framework; sourceTree = SDKROOT; };
		7EE1E78FA8E3C9E1D58E5944 /* CoreGraphics.framework */ /* CoreGraphics.framework */ = {isa = PBXFileReference; lastKnownFileType = wrapper.framework; name = CoreGraphics.framework; path = System/Library/Frameworks/CoreGraphics.framework; sourceTree = SDKROOT; };
		7F3FF39450191A2449E8B746 /* CoreText.framework */ /* CoreText.framework */ = {isa = PBXFileReference; lastKnownFileType = wrapper.framework; name = CoreText.framework; path = System/Library/Frameworks/CoreText.framework; sourceTree = SDKROOT; };
		89E47C2A15AF015ACA1B3401 /* Main.cpp */ /* Main.cpp */ = {isa = PBXFileReference; lastKnownFileType = sourcecode.cpp.cpp; name = Main.cpp; path = ../../Source/Main.cpp; sourceTree = SOURCE_ROOT; };
		8CC450FC757C6846D283833F /* CoreImage.framework */ /* CoreImage.framework */ = {isa = PBXFileReference; lastKnownFileType = wrapper.framework; name = CoreImage.framework; path = System/Library/Frameworks/CoreImage.framework; sourceTree = SDKROOT; };
		B571AA1E3EB8F1D6201FBB96 /* include_juce_gui_basics.mm */ /* include_juce_gui_basics.mm */ = {isa = PBXFileReference; lastKnownFileType = sourcecode.cpp.objcpp; name = include_juce_gui_basics.mm; path = ../../JuceLibraryCode/include_juce_gui_basics.mm; sourceTree = SOURCE_ROOT; };
		BBD3034673ED2D3A1B5D686D /* UIKit.framework */ /* UIKit.framework */ = {isa = PBXFileReference; lastKnownFileType = wrapper.framework; name = UIKit.framework; path = System/Library/Frameworks/UIKit.framework; sourceTree = SDKROOT; };
		BF2C7D2171CA31FE40E88539 /* Foundation.framework */ /* Foundation.framework */ = {isa = PBXFileReference; lastKnownFileType = wrapper.framework; name = Foundation.framework; path = System/Library/Frameworks/Foundation.framework; sourceTree = SDKROOT; };
		C0604959B44E1ABA111B5A61 /* juce_gui_basics */ /* juce_gui_basics */ = {isa = PBXFileReference; lastKnownFileType = folder; name = juce_gui_basics; path = "~/JUCE/modules/juce_gui_basics"; sourceTree = "<absolute>"; };
		CADFE29C78E1BB22009503AB /* SliderValuesTutorial_01.h */ /* SliderValuesTutorial_01.h */ = {isa = PBXFileReference; lastKnownFileType = sourcecode.c.h; name = SliderValuesTutorial_01.h; path = ../../Source/SliderValuesTutorial_01.h; sourceTree = SOURCE_ROOT; };
		D283F3D44EE961165066F2CF /* Images.xcassets */ /* Images.xcassets */ = {isa = PBXFileReference; lastKnownFileType = folder.assetcatalog; name = Images.xcassets; path = SliderValuesTutorial/Images.xcassets; sourceTree = SOURCE_ROOT; };
		DA9677AEB3F80021CE62EC0C /* juce_core */ /* juce_core */ = {isa = PBXFileReference; lastKnownFileType = folder; name = juce_core; path = "~/JUCE/modules/juce_core"; sourceTree = "<absolute>"; };
		F046F5BB10DD3465CE75D789 /* Info-App.plist */ /* Info-App.plist */ = {isa = PBXFileReference; lastKnownFileType = text.plist.xml; name = "Info-App.plist"; path = "Info-App.plist"; sourceTree = SOURCE_ROOT; };
		F3CA68B2C5FC327AFA0442AB /* CoreServices.framework */ /* CoreServices.framework */ = {isa = PBXFileReference; lastKnownFileType = wrapper.framework; name = CoreServices.framework; path = System/Library/Frameworks/CoreServices.framework; sourceTree = SDKROOT; };
/* End PBXFileReference section */

/* Begin PBXFrameworksBuildPhase section */
		DF177A13E85DB1D74E8B2262 = {
			isa = PBXFrameworksBuildPhase;
			buildActionMask = 2147483647;
			files = (
				818FE4258BD253C40FC5FA48,
				39D7AA01DE3280E5E1A45470,
				92FC38D2F01B36574B34DD1B,
				D14384D09393021E76C64082,
				AE04B22B0C316B362C2C1E3F,
				D13A1E845B56E012D88F0087,
				8CC94E34139C1A68C9E79576,
			);
			runOnlyForDeploymentPostprocessing = 0;
		};
/* End PBXFrameworksBuildPhase section */

/* Begin PBXGroup section */
		09701469651409C79EBF3E5B /* Products */ = {
			isa = PBXGroup;
			children = (
				320997770D21830696D9CE83,
			);
			name = Products;
			sourceTree = "<group>";
		};
		116D874F3F46B26E165E9555 /* JUCE Modules */ = {
			isa = PBXGroup;
			children = (
				DA9677AEB3F80021CE62EC0C,
				1AEBB589B7EEAE9B3EE12DA9,
				60379EFE6D617D0F7DDAF2B9,
				3C866B2F9C3D09CAF4946C21,
				C0604959B44E1ABA111B5A61,
			);
			name = "JUCE Modules";
			sourceTree = "<group>";
		};
		1C85F031EECBF06F63EACFC9 /* Frameworks */ = {
			isa = PBXGroup;
			children = (
				7EE1E78FA8E3C9E1D58E5944,
				8CC450FC757C6846D283833F,
				F3CA68B2C5FC327AFA0442AB,
				7F3FF39450191A2449E8B746,
				BF2C7D2171CA31FE40E88539,
				6D74482B49678B77736902EC,
				BBD3034673ED2D3A1B5D686D,
			);
			name = Frameworks;
			sourceTree = "<group>";
		};
		4B31C2C7F8508B0A2BDB6E46 /* SliderValuesTutorial */ = {
			isa = PBXGroup;
			children = (
				8EFCC2269EA465036F58662D,
			);
			name = SliderValuesTutorial;
			sourceTree = "<group>";
		};
		4FD05C45FB88C299DD458B1F /* Source */ = {
			isa = PBXGroup;
			children = (
				4B31C2C7F8508B0A2BDB6E46,
				116D874F3F46B26E165E9555,
				C410FA5330766229E6498A23,
				99475CBD5A26965592F44894,
				1C85F031EECBF06F63EACFC9,
				09701469651409C79EBF3E5B,
			);
			name = Source;
			sourceTree = "<group>";
		};
		8EFCC2269EA465036F58662D /* Source */ = {
			isa = PBXGroup;
			children = (
				89E47C2A15AF015ACA1B3401,
				CADFE29C78E1BB22009503AB,
			);
			name = Source;
			sourceTree = "<group>";
		};
		99475CBD5A26965592F44894 /* Resources */ = {
			isa = PBXGroup;
			children = (
				F046F5BB10DD3465CE75D789,
				D283F3D44EE961165066F2CF,
				25DDCB33474DE7090B1D1A32,
			);
			name = Resources;
			sourceTree = "<group>";
		};
		C410FA5330766229E6498A23 /* JUCE Library Code */ = {
			isa = PBXGroup;
			children = (
				0BBB2AB980B8DB9720974E6E,
				3A69BB5DF5E65B2ED0AD069E,
				0F814D5AD5730FAEEF5577D2,
				1782CD542F521900F2636F6A,
				B571AA1E3EB8F1D6201FBB96,
				630936838838760F7A115EEC,
			);
			name = "JUCE Library Code";
			sourceTree = "<group>";
		};
/* End PBXGroup section */

/* Begin PBXNativeTarget section */
		2DFBCB5C5026074F519CD0F3 /* SliderValuesTutorial - App */ = {
			isa = PBXNativeTarget;
			buildConfigurationList = 2BED2131D44FF8DD5203C66F;
			buildPhases = (
				F5B862B8B004EA9D0EA85A94,
				FF7281CB1E7700F2187CB881,
				DF177A13E85DB1D74E8B2262,
			);
			buildRules = (
			);
			dependencies = (
			);
			name = "SliderValuesTutorial - App";
			productName = SliderValuesTutorial;
			productReference = 320997770D21830696D9CE83;
			productType = "com.apple.product-type.application";
		};
/* End PBXNativeTarget section */

/* Begin PBXProject section */
		C34B0EDE4997237560F7A022 = {
			isa = PBXProject;
			attributes = {
				LastUpgradeCheck = 1340;
				ORGANIZATIONNAME = "JUCE";
				TargetAttributes = {
					2DFBCB5C5026074F519CD0F3 = {
						SystemCapabilities = {
							com.apple.ApplicationGroups.iOS = {
								enabled = 0;
							};
							com.apple.HardenedRuntime = {
								enabled = 0;
							};
							com.apple.InAppPurchase = {
								enabled = 0;
							};
							com.apple.InterAppAudio = {
								enabled = 0;
							};
							com.apple.Push = {
								enabled = 0;
							};
							com.apple.Sandbox = {
								enabled = 0;
							};
						};
					};
				};
			};
			buildConfigurationList = D8EA753C3969550D01C1423C;
			compatibilityVersion = "Xcode 3.2";
			hasScannedForEncodings = 0;
			knownRegions = (
				en,
				Base,
			);
			mainGroup = 4FD05C45FB88C299DD458B1F;
			projectDirPath = "";
			projectRoot = "";
			targets = (
				2DFBCB5C5026074F519CD0F3,
			);
		};
/* End PBXProject section */

/* Begin PBXResourcesBuildPhase section */
		F5B862B8B004EA9D0EA85A94 = {
			isa = PBXResourcesBuildPhase;
			buildActionMask = 2147483647;
			files = (
				1160A9206ED2D64E00B9464A,
				8568B242DB928B76824A69AF,
			);
			runOnlyForDeploymentPostprocessing = 0;
		};
/* End PBXResourcesBuildPhase section */

/* Begin PBXSourcesBuildPhase section */
		FF7281CB1E7700F2187CB881 = {
			isa = PBXSourcesBuildPhase;
			buildActionMask = 2147483647;
			files = (
				396A01B986C0931ABE30CC37,
				8B641F358F4AE439BC225375,
				EDEC5E9AAA4E8553CBF8C270,
				A49F22182830D3C1429B7D84,
				DCC3AADE1846616EE2143EA1,
				50F5A7593FE780EFBD589692,
			);
			runOnlyForDeploymentPostprocessing = 0;
		};
/* End PBXSourcesBuildPhase section */

/* Begin XCBuildConfiguration section */
		4E97FEA65154ACE20B52F729 /* Release */ = {
			isa = XCBuildConfiguration;
			buildSettings = {
				ASSETCATALOG_COMPILER_APPICON_NAME = AppIcon;
				CLANG_CXX_LANGUAGE_STANDARD = "c++17";
				CLANG_CXX_LIBRARY = "libc++";
				CLANG_LINK_OBJC_RUNTIME = NO;
				COMBINE_HIDPI_IMAGES = YES;
				CONFIGURATION_BUILD_DIR = "$(PROJECT_DIR)/build/$(CONFIGURATION)";
				DEAD_CODE_STRIPPING = YES;
				GCC_GENERATE_DEBUGGING_SYMBOLS = NO;
				GCC_OPTIMIZATION_LEVEL = 3;
				GCC_PREPROCESSOR_DEFINITIONS = (
					"_NDEBUG=1",
					"NDEBUG=1",
					"JUCE_CONTENT_SHARING=1",
					"JUCE_DISPLAY_SPLASH_SCREEN=0",
					"JUCE_USE_DARK_SPLASH_SCREEN=1",
					"JUCE_PROJUCER_VERSION=0x70005",
					"JUCE_MODULE_AVAILABLE_juce_core=1",
					"JUCE_MODULE_AVAILABLE_juce_data_structures=1",
					"JUCE_MODULE_AVAILABLE_juce_events=1",
					"JUCE_MODULE_AVAILABLE_juce_graphics=1",
					"JUCE_MODULE_AVAILABLE_juce_gui_basics=1",
					"JUCE_GLOBAL_MODULE_SETTINGS_INCLUDED=1",
					"JUCE_STANDALONE_APPLICATION=1",
					"JUCER_XCODE_IPHONE_5BC26AE3=1",
					"JUCE_APP_VERSION=1.0.0",
					"JUCE_APP_VERSION_HEX=0x10000",
					"JucePlugin_Build_VST=0",
					"JucePlugin_Build_VST3=0",
					"JucePlugin_Build_AU=0",
					"JucePlugin_Build_AUv3=0",
					"JucePlugin_Build_AAX=0",
					"JucePlugin_Build_Standalone=0",
					"JucePlugin_Build_Unity=0",
					"JucePlugin_Build_LV2=0",
				);
				GCC_VERSION = com.apple.compilers.llvm.clang.1_0;
				HEADER_SEARCH_PATHS = (
					"$(SRCROOT)/../../JuceLibraryCode",
					"$(HOME)/JUCE/modules",
					"$(inherited)",
				);
				INFOPLIST_FILE = Info-App.plist;
				INFOPLIST_PREPROCESS = NO;
				INSTALL_PATH = "$(HOME)/Applications";
				LLVM_LTO = YES;
				MTL_HEADER_SEARCH_PATHS = "$(SRCROOT)/../../JuceLibraryCode $(HOME)/JUCE/modules";
				OTHER_LDFLAGS = "-weak_framework Metal -weak_framework MetalKit";
				PRODUCT_BUNDLE_IDENTIFIER = com.JUCE.SliderValuesTutorial;
				PRODUCT_NAME = "SliderValuesTutorial";
				USE_HEADERMAP = NO;
			};
			name = Release;
		};
		8C2CD0AE33A5981E6730A5E1 /* Debug */ = {
			isa = XCBuildConfiguration;
			buildSettings = {
				ASSETCATALOG_COMPILER_APPICON_NAME = AppIcon;
				CLANG_CXX_LANGUAGE_STANDARD = "c++17";
				CLANG_CXX_LIBRARY = "libc++";
				CLANG_LINK_OBJC_RUNTIME = NO;
				COMBINE_HIDPI_IMAGES = YES;
				CONFIGURATION_BUILD_DIR = "$(PROJECT_DIR)/build/$(CONFIGURATION)";
				COPY_PHASE_STRIP = NO;
				GCC_DYNAMIC_NO_PIC = NO;
				GCC_OPTIMIZATION_LEVEL = 0;
				GCC_PREPROCESSOR_DEFINITIONS = (
					"_DEBUG=1",
					"DEBUG=1",
					"JUCE_CONTENT_SHARING=1",
					"JUCE_DISPLAY_SPLASH_SCREEN=0",
					"JUCE_USE_DARK_SPLASH_SCREEN=1",
					"JUCE_PROJUCER_VERSION=0x70005",
					"JUCE_MODULE_AVAILABLE_juce_core=1",
					"JUCE_MODULE_AVAILABLE_juce_data_structures=1",
					"JUCE_MODULE_AVAILABLE_juce_events=1",
					"JUCE_MODULE_AVAILABLE_juce_graphics=1",
					"JUCE_MODULE_AVAILABLE_juce_gui_basics=1",
					"JUCE_GLOBAL_MODULE_SETTINGS_INCLUDED=1",
					"JUCE_STANDALONE_APPLICATION=1",
					"JUCER_XCODE_IPHONE_5BC26AE3=1",
					"JUCE_APP_VERSION=1.0.0",
					"JUCE_APP_VERSION_HEX=0x10000",
					"JucePlugin_Build_VST=0",
					"JucePlugin_Build_VST3=0",
					"JucePlugin_Build_AU=0",
					"JucePlugin_Build_AUv3=0",
					"JucePlugin_Build_AAX=0",
					"JucePlugin_Build_Standalone=0",
					"JucePlugin_Build_Unity=0",
					"JucePlugin_Build_LV2=0",
				);
				GCC_VERSION = com.apple.compilers.llvm.clang.1_0;
				HEADER_SEARCH_PATHS = (
					"$(SRCROOT)/../../JuceLibraryCode",
					"$(HOME)/JUCE/modules",
					"$(inherited)",
				);
				INFOPLIST_FILE = Info-App.plist;
				INFOPLIST_PREPROCESS = NO;
				INSTALL_PATH = "$(HOME)/Applications";
				MTL_HEADER_SEARCH_PATHS = "$(SRCROOT)/../../JuceLibraryCode $(HOME)/JUCE/modules";
				OTHER_LDFLAGS = "-weak_framework Metal -weak_framework MetalKit";
				PRODUCT_BUNDLE_IDENTIFIER = com.JUCE.SliderValuesTutorial;
				PRODUCT_NAME = "SliderValuesTutorial";
				USE_HEADERMAP = NO;
			};
			name = Debug;
		};
		9F79284749E35C7985E0BF41 /* Release */ = {
			isa = XCBuildConfiguration;
			buildSettings = {
				ALWAYS_SEARCH_USER_PATHS = NO;
				CLANG_ENABLE_OBJC_WEAK = YES;
				CLANG_WARN_BLOCK_CAPTURE_AUTORELEASING = YES;
				CLANG_WARN_BOOL_CONVERSION = YES;
				CLANG_WARN_COMMA = YES;
				CLANG_WARN_CONSTANT_CONVERSION = YES;
				CLANG_WARN_DEPRECATED_OBJC_IMPLEMENTATIONS = YES;
				CLANG_WARN_EMPTY_BODY = YES;
				CLANG_WARN_ENUM_CONVERSION = YES;
				CLANG_WARN_INFINITE_RECURSION = YES;
				CLANG_WARN_INT_CONVERSION = YES;
				CLANG_WARN_NON_LITERAL_NULL_CONVERSION = YES;
				CLANG_WARN_OBJC_IMPLICIT_RETAIN_SELF = YES;
				CLANG_WARN_OBJC_LITERAL_CONVERSION = YES;
				CLANG_WARN_RANGE_LOOP_ANALYSIS = YES;
				CLANG_WARN_STRICT_PROTOTYPES = YES;
				CLANG_WARN_SUSPICIOUS_MOVE = YES;
				CLANG_WARN_UNREACHABLE_CODE = YES;
				CLANG_WARN__DUPLICATE_METHOD_MATCH = YES;
				DEBUG_INFORMATION_FORMAT = dwarf;
				ENABLE_STRICT_OBJC_MSGSEND = YES;
				ENABLE_TESTABILITY = NO;
				GCC_C_LANGUAGE_STANDARD = c11;
				GCC_INLINES_ARE_PRIVATE_EXTERN = YES;
				GCC_MODEL_TUNING = G5;
				GCC_NO_COMMON_BLOCKS = YES;
				GCC_SYMBOLS_PRIVATE_EXTERN = YES;
				GCC_WARN_64_TO_32_BIT_CONVERSION = YES;
				GCC_WARN_ABOUT_RETURN_TYPE = YES;
				GCC_WARN_CHECK_SWITCH_STATEMENTS = YES;
				GCC_WARN_MISSING_PARENTHESES = YES;
				GCC_WARN_NON_VIRTUAL_DESTRUCTOR = YES;
				GCC_WARN_TYPECHECK_CALLS_TO_PRINTF = YES;
				GCC_WARN_UNDECLARED_SELECTOR = YES;
				GCC_WARN_UNINITIALIZED_AUTOS = YES;
				GCC_WARN_UNUSED_FUNCTION = YES;
				GCC_WARN_UNUSED_VARIABLE = YES;
				IPHONEOS_DEPLOYMENT_TARGET = 11.0;
				PRODUCT_NAME = "SliderValuesTutorial";
				SDKROOT = iphoneos;
				TARGETED_DEVICE_FAMILY = "1,2";
				WARNING_CFLAGS = "-Wreorder";
				ZERO_LINK = NO;
			};
			name = Release;
		};
		A8786DBE1D11402B3F376B3E /* Debug */ = {
			isa = XCBuildConfiguration;
			buildSettings = {
				ALWAYS_SEARCH_USER_PATHS = NO;
				CLANG_ENABLE_OBJC_WEAK = YES;
				CLANG_WARN_BLOCK_CAPTURE_AUTORELEASING = YES;
				CLANG_WARN_BOOL_CONVERSION = YES;
				CLANG_WARN_COMMA = YES;
				CLANG_WARN_CONSTANT_CONVERSION = YES;
				CLANG_WARN_DEPRECATED_OBJC_IMPLEMENTATIONS = YES;
				CLANG_WARN_EMPTY_BODY = YES;
				CLANG_WARN_ENUM_CONVERSION = YES;
				CLANG_WARN_INFINITE_RECURSION = YES;
				CLANG_WARN_INT_CONVERSION = YES;
				CLANG_WARN_NON_LITERAL_NULL_CONVERSION = YES;
				CLANG_WARN_OBJC_IMPLICIT_RETAIN_SELF = YES;
				CLANG_WARN_OBJC_LITERAL_CONVERSION = YES;
				CLANG_WARN_RANGE_LOOP_ANALYSIS = YES;
				CLANG_WARN_STRICT_PROTOTYPES = YES;
				CLANG_WARN_SUSPICIOUS_MOVE = YES;
				CLANG_WARN_UNREACHABLE_CODE = YES;
				CLANG_WARN__DUPLICATE_METHOD_MATCH = YES;
				DEBUG_INFORMATION_FORMAT = dwarf;
				ENABLE_STRICT_OBJC_MSGSEND = YES;
				ENABLE_TESTABILITY = NO;
				GCC_C_LANGUAGE_STANDARD = c11;
				GCC_INLINES_ARE_PRIVATE_EXTERN = YES;
				GCC_MODEL_TUNING = G5;
				GCC_NO_COMMON_BLOCKS = YES;
				GCC_SYMBOLS_PRIVATE_EXTERN = YES;
				GCC_WARN_64_TO_32_BIT_CONVERSION = YES;
				GCC_WARN_ABOUT_RETURN_TYPE = YES;
				GCC_WARN_CHECK_SWITCH_STATEMENTS = YES;
				GCC_WARN_MISSING_PARENTHESES = YES;
				GCC_WARN_NON_VIRTUAL_DESTRUCTOR = YES;
				GCC_WARN_TYPECHECK_CALLS_TO_PRINTF = YES;
				GCC_WARN_UNDECLARED_SELECTOR = YES;
				GCC_WARN_UNINITIALIZED_AUTOS = YES;
				GCC_WARN_UNUSED_FUNCTION = YES;
				GCC_WARN_UNUSED_VARIABLE = YES;
				IPHONEOS_DEPLOYMENT_TARGET = 11.0;
				ONLY_ACTIVE_ARCH = YES;
				PRODUCT_NAME = "SliderValuesTutorial";
				SDKROOT = iphoneos;
				TARGETED_DEVICE_FAMILY = "1,2";
				WARNING_CFLAGS = "-Wreorder";
				ZERO_LINK = NO;
			};
			name = Debug;
		};
/* End XCBuildConfiguration section */

/* Begin XCConfigurationList section */
		2BED2131D44FF8DD5203C66F = {
			isa = XCConfigurationList;
			buildConfigurations = (
				8C2CD0AE33A5981E6730A5E1,
				4E97FEA65154ACE20B52F729,
			);
			defaultConfigurationIsVisible = 0;
			defaultConfigurationName = Debug;
		};
		D8EA753C3969550D01C1423C = {
			isa = XCConfigurationList;
			buildConfigurations = (
				9F79284749E35C7985E0BF41,
				A8786DBE1D11402B3F376B3E,
			);
			defaultConfigurationIsVisible = 0;
			defaultConfigurationName = Debug;
		};
/* End XCConfigurationList section */
	};
	rootObject = C34B0EDE4997237560F7A022 /* Project object */;
}
