// !$*UTF8*$!
{
	archiveVersion = 1;
	classes = {
	};
	objectVersion = 46;
	objects = {

/* Begin PBXBuildFile section */
		02813D293E7B0F41ADF9C3E7 /* include_juce_events.mm */ = {isa = PBXBuildFile; fileRef = E93B9FF748EBAF079CA66087; };
		4DC086DB1BF1F256F8E24E5C /* RecentFilesMenuTemplate.nib */ = {isa = PBXBuildFile; fileRef = 4C46000B22F3F8618B54717D; };
		5449AF6AC632B2F9794769B3 /* Cocoa.framework */ = {isa = PBXBuildFile; fileRef = 2E549524809AD0662978A95C; };
		6CFE10A2432BAE6771EB1B5B /* Foundation.framework */ = {isa = PBXBuildFile; fileRef = AEE5BBB34F52B00DE9B87C9E; };
		883DFEB73A167F3EDFB50502 /* include_juce_core.mm */ = {isa = PBXBuildFile; fileRef = 66B278788B5A2051248670FC; };
		9B441B1FD24B86C5C9BB4049 /* QuartzCore.framework */ = {isa = PBXBuildFile; fileRef = 6410E494D96F219D577AA584; };
		AD2FCCC4A083239C750BC75A /* App */ = {isa = PBXBuildFile; fileRef = 78C37108439FEFAC7DB1080D; };
		BE5FC1352B75BC3A58DD2CBD /* include_juce_graphics.mm */ = {isa = PBXBuildFile; fileRef = 1DD519623465DD1E85B037B6; };
		C3ECBC604BAE36C0122F9B8B /* IOKit.framework */ = {isa = PBXBuildFile; fileRef = 87C6FBA36349F30EA05C8D4E; };
		CACDBC0F8FC3E0D5EAED23A8 /* include_juce_gui_basics.mm */ = {isa = PBXBuildFile; fileRef = BEA9E3A9B0F5ECD322EF6768; };
		DF626B2AD04341128FB612DD /* include_juce_data_structures.mm */ = {isa = PBXBuildFile; fileRef = D534204DE03707AE3682A324; };
		E989149F6EAC4E4456307FD2 /* Main.cpp */ = {isa = PBXBuildFile; fileRef = 67BA4561C4FBF256815144ED; };
		EFEFE74EF0541DA86610498A /* MainComponent.cpp */ = {isa = PBXBuildFile; fileRef = D1A8401ED73D1FF833BBB4EB; };
/* End PBXBuildFile section */

/* Begin PBXFileReference section */
		18EE86FDD0BCC5D4419A02E4 /* JuceHeader.h */ /* JuceHeader.h */ = {isa = PBXFileReference; lastKnownFileType = sourcecode.c.h; name = JuceHeader.h; path = ../../JuceLibraryCode/JuceHeader.h; sourceTree = SOURCE_ROOT; };
		1DD519623465DD1E85B037B6 /* include_juce_graphics.mm */ /* include_juce_graphics.mm */ = {isa = PBXFileReference; lastKnownFileType = sourcecode.cpp.objcpp; name = include_juce_graphics.mm; path = ../../JuceLibraryCode/include_juce_graphics.mm; sourceTree = SOURCE_ROOT; };
		2E549524809AD0662978A95C /* Cocoa.framework */ /* Cocoa.framework */ = {isa = PBXFileReference; lastKnownFileType = wrapper.framework; name = Cocoa.framework; path = System/Library/Frameworks/Cocoa.framework; sourceTree = SDKROOT; };
		3BE7FB017AF0AF5F63B2C016 /* MainComponent.h */ /* MainComponent.h */ = {isa = PBXFileReference; lastKnownFileType = sourcecode.c.h; name = MainComponent.h; path = ../../Source/MainComponent.h; sourceTree = SOURCE_ROOT; };
		3E9A561AA83D8A14C183022D /* juce_gui_basics */ /* juce_gui_basics */ = {isa = PBXFileReference; lastKnownFileType = folder; name = juce_gui_basics; path = "~/JUCE/modules/juce_gui_basics"; sourceTree = "<absolute>"; };
		4C46000B22F3F8618B54717D /* RecentFilesMenuTemplate.nib */ /* RecentFilesMenuTemplate.nib */ = {isa = PBXFileReference; lastKnownFileType = file.nib; name = RecentFilesMenuTemplate.nib; path = RecentFilesMenuTemplate.nib; sourceTree = SOURCE_ROOT; };
		4C5D56C2E5D54617B972E878 /* juce_events */ /* juce_events */ = {isa = PBXFileReference; lastKnownFileType = folder; name = juce_events; path = "~/JUCE/modules/juce_events"; sourceTree = "<absolute>"; };
		6410E494D96F219D577AA584 /* QuartzCore.framework */ /* QuartzCore.framework */ = {isa = PBXFileReference; lastKnownFileType = wrapper.framework; name = QuartzCore.framework; path = System/Library/Frameworks/QuartzCore.framework; sourceTree = SDKROOT; };
		66B278788B5A2051248670FC /* include_juce_core.mm */ /* include_juce_core.mm */ = {isa = PBXFileReference; lastKnownFileType = sourcecode.cpp.objcpp; name = include_juce_core.mm; path = ../../JuceLibraryCode/include_juce_core.mm; sourceTree = SOURCE_ROOT; };
		67BA4561C4FBF256815144ED /* Main.cpp */ /* Main.cpp */ = {isa = PBXFileReference; lastKnownFileType = sourcecode.cpp.cpp; name = Main.cpp; path = ../../Source/Main.cpp; sourceTree = SOURCE_ROOT; };
		78C37108439FEFAC7DB1080D /* App */ = {isa = PBXFileReference; explicitFileType = wrapper.application; includeInIndex = 0; path = MainWindowTutorial.app; sourceTree = BUILT_PRODUCTS_DIR; };
		87C6FBA36349F30EA05C8D4E /* IOKit.framework */ /* IOKit.framework */ = {isa = PBXFileReference; lastKnownFileType = wrapper.framework; name = IOKit.framework; path = System/Library/Frameworks/IOKit.framework; sourceTree = SDKROOT; };
		919F332BD96D6F51D0044176 /* juce_graphics */ /* juce_graphics */ = {isa = PBXFileReference; lastKnownFileType = folder; name = juce_graphics; path = "~/JUCE/modules/juce_graphics"; sourceTree = "<absolute>"; };
		A2115937952C3A817DAC8DB9 /* juce_data_structures */ /* juce_data_structures */ = {isa = PBXFileReference; lastKnownFileType = folder; name = juce_data_structures; path = "~/JUCE/modules/juce_data_structures"; sourceTree = "<absolute>"; };
		AEE5BBB34F52B00DE9B87C9E /* Foundation.framework */ /* Foundation.framework */ = {isa = PBXFileReference; lastKnownFileType = wrapper.framework; name = Foundation.framework; path = System/Library/Frameworks/Foundation.framework; sourceTree = SDKROOT; };
		BEA9E3A9B0F5ECD322EF6768 /* include_juce_gui_basics.mm */ /* include_juce_gui_basics.mm */ = {isa = PBXFileReference; lastKnownFileType = sourcecode.cpp.objcpp; name = include_juce_gui_basics.mm; path = ../../JuceLibraryCode/include_juce_gui_basics.mm; sourceTree = SOURCE_ROOT; };
		D1A8401ED73D1FF833BBB4EB /* MainComponent.cpp */ /* MainComponent.cpp */ = {isa = PBXFileReference; lastKnownFileType = sourcecode.cpp.cpp; name = MainComponent.cpp; path = ../../Source/MainComponent.cpp; sourceTree = SOURCE_ROOT; };
		D534204DE03707AE3682A324 /* include_juce_data_structures.mm */ /* include_juce_data_structures.mm */ = {isa = PBXFileReference; lastKnownFileType = sourcecode.cpp.objcpp; name = include_juce_data_structures.mm; path = ../../JuceLibraryCode/include_juce_data_structures.mm; sourceTree = SOURCE_ROOT; };
		DF9B68CC21CD6DFA0F3A6646 /* Info-App.plist */ /* Info-App.plist */ = {isa = PBXFileReference; lastKnownFileType = text.plist.xml; name = "Info-App.plist"; path = "Info-App.plist"; sourceTree = SOURCE_ROOT; };
		E93B9FF748EBAF079CA66087 /* include_juce_events.mm */ /* include_juce_events.mm */ = {isa = PBXFileReference; lastKnownFileType = sourcecode.cpp.objcpp; name = include_juce_events.mm; path = ../../JuceLibraryCode/include_juce_events.mm; sourceTree = SOURCE_ROOT; };
		FD7FA0022AD4B47EA974181E /* juce_core */ /* juce_core */ = {isa = PBXFileReference; lastKnownFileType = folder; name = juce_core; path = "~/JUCE/modules/juce_core"; sourceTree = "<absolute>"; };
/* End PBXFileReference section */

/* Begin PBXFrameworksBuildPhase section */
		599AD58AE02B45B0B641A0B8 = {
			isa = PBXFrameworksBuildPhase;
			buildActionMask = 2147483647;
			files = (
				5449AF6AC632B2F9794769B3,
				6CFE10A2432BAE6771EB1B5B,
				C3ECBC604BAE36C0122F9B8B,
				9B441B1FD24B86C5C9BB4049,
			);
			runOnlyForDeploymentPostprocessing = 0;
		};
/* End PBXFrameworksBuildPhase section */

/* Begin PBXGroup section */
		100D2F2DD26DD79F6584D34A /* Resources */ = {
			isa = PBXGroup;
			children = (
				DF9B68CC21CD6DFA0F3A6646,
				4C46000B22F3F8618B54717D,
			);
			name = Resources;
			sourceTree = "<group>";
		};
		10D2972D4818F801459712EF /* Source */ = {
			isa = PBXGroup;
			children = (
				D1A8401ED73D1FF833BBB4EB,
				3BE7FB017AF0AF5F63B2C016,
				67BA4561C4FBF256815144ED,
			);
			name = Source;
			sourceTree = "<group>";
		};
		10FA78F7DF1DC11F74FB362B /* JUCE Library Code */ = {
			isa = PBXGroup;
			children = (
				66B278788B5A2051248670FC,
				D534204DE03707AE3682A324,
				E93B9FF748EBAF079CA66087,
				1DD519623465DD1E85B037B6,
				BEA9E3A9B0F5ECD322EF6768,
				18EE86FDD0BCC5D4419A02E4,
			);
			name = "JUCE Library Code";
			sourceTree = "<group>";
		};
		3BAEEB1AA7BA177902B95F39 /* Frameworks */ = {
			isa = PBXGroup;
			children = (
				2E549524809AD0662978A95C,
				AEE5BBB34F52B00DE9B87C9E,
				87C6FBA36349F30EA05C8D4E,
				6410E494D96F219D577AA584,
			);
			name = Frameworks;
			sourceTree = "<group>";
		};
		4AF639C4FD51C20CBBD70052 /* Source */ = {
			isa = PBXGroup;
			children = (
				9CF25CD841BBDB483DF76A1F,
				5AEF9CCDD525F8EDA1938456,
				10FA78F7DF1DC11F74FB362B,
				100D2F2DD26DD79F6584D34A,
				3BAEEB1AA7BA177902B95F39,
				61944532B9B45B591F53A451,
			);
			name = Source;
			sourceTree = "<group>";
		};
		5AEF9CCDD525F8EDA1938456 /* JUCE Modules */ = {
			isa = PBXGroup;
			children = (
				FD7FA0022AD4B47EA974181E,
				A2115937952C3A817DAC8DB9,
				4C5D56C2E5D54617B972E878,
				919F332BD96D6F51D0044176,
				3E9A561AA83D8A14C183022D,
			);
			name = "JUCE Modules";
			sourceTree = "<group>";
		};
		61944532B9B45B591F53A451 /* Products */ = {
			isa = PBXGroup;
			children = (
				78C37108439FEFAC7DB1080D,
			);
			name = Products;
			sourceTree = "<group>";
		};
		9CF25CD841BBDB483DF76A1F /* MainWindowTutorial */ = {
			isa = PBXGroup;
			children = (
				10D2972D4818F801459712EF,
			);
			name = MainWindowTutorial;
			sourceTree = "<group>";
		};
/* End PBXGroup section */

/* Begin PBXNativeTarget section */
		E0DDBBE37863DCEC93E14F2E /* MainWindowTutorial - App */ = {
			isa = PBXNativeTarget;
			buildConfigurationList = 8F870DFE7BAB28ACF19D03DE;
			buildPhases = (
				7F75404D5E0D760D2367D0A4,
				FD82784E47DF3992C2319570,
				599AD58AE02B45B0B641A0B8,
			);
			buildRules = (
			);
			dependencies = (
			);
			name = "MainWindowTutorial - App";
			productName = MainWindowTutorial;
			productReference = 78C37108439FEFAC7DB1080D;
			productType = "com.apple.product-type.application";
		};
/* End PBXNativeTarget section */

/* Begin PBXProject section */
		180A2ED508C225086A7DF865 = {
			isa = PBXProject;
			attributes = {
				LastUpgradeCheck = 1340;
				ORGANIZATIONNAME = "";
				TargetAttributes = {
					E0DDBBE37863DCEC93E14F2E = {
						SystemCapabilities = {
							com.apple.ApplicationGroups.iOS = {
								enabled = 0;
							};
							com.apple.HardenedRuntime = {
								enabled = 0;
							};
							com.apple.InAppPurchase = {
								enabled = 0;
							};
							com.apple.InterAppAudio = {
								enabled = 0;
							};
							com.apple.Push = {
								enabled = 0;
							};
							com.apple.Sandbox = {
								enabled = 0;
							};
						};
					};
				};
			};
			buildConfigurationList = ABA08F021BDE0EE1F2A17B11;
			compatibilityVersion = "Xcode 3.2";
			hasScannedForEncodings = 0;
			knownRegions = (
				en,
				Base,
			);
			mainGroup = 4AF639C4FD51C20CBBD70052;
			projectDirPath = "";
			projectRoot = "";
			targets = (
				E0DDBBE37863DCEC93E14F2E,
			);
		};
/* End PBXProject section */

/* Begin PBXResourcesBuildPhase section */
		7F75404D5E0D760D2367D0A4 = {
			isa = PBXResourcesBuildPhase;
			buildActionMask = 2147483647;
			files = (
				4DC086DB1BF1F256F8E24E5C,
			);
			runOnlyForDeploymentPostprocessing = 0;
		};
/* End PBXResourcesBuildPhase section */

/* Begin PBXSourcesBuildPhase section */
		FD82784E47DF3992C2319570 = {
			isa = PBXSourcesBuildPhase;
			buildActionMask = 2147483647;
			files = (
				EFEFE74EF0541DA86610498A,
				E989149F6EAC4E4456307FD2,
				883DFEB73A167F3EDFB50502,
				DF626B2AD04341128FB612DD,
				02813D293E7B0F41ADF9C3E7,
				BE5FC1352B75BC3A58DD2CBD,
				CACDBC0F8FC3E0D5EAED23A8,
			);
			runOnlyForDeploymentPostprocessing = 0;
		};
/* End PBXSourcesBuildPhase section */

/* Begin XCBuildConfiguration section */
		2842FA5C7AE53376E3B967C1 /* Debug */ = {
			isa = XCBuildConfiguration;
			buildSettings = {
				CLANG_CXX_LANGUAGE_STANDARD = "c++17";
				CLANG_CXX_LIBRARY = "libc++";
				CLANG_LINK_OBJC_RUNTIME = NO;
				COMBINE_HIDPI_IMAGES = YES;
				CONFIGURATION_BUILD_DIR = "$(PROJECT_DIR)/build/$(CONFIGURATION)";
				COPY_PHASE_STRIP = NO;
				EXCLUDED_ARCHS = "";
				GCC_DYNAMIC_NO_PIC = NO;
				GCC_OPTIMIZATION_LEVEL = 0;
				GCC_PREPROCESSOR_DEFINITIONS = (
					"_DEBUG=1",
					"DEBUG=1",
					"JUCE_DISPLAY_SPLASH_SCREEN=0",
					"JUCE_USE_DARK_SPLASH_SCREEN=1",
					"JUCE_PROJUCER_VERSION=0x70005",
					"JUCE_MODULE_AVAILABLE_juce_core=1",
					"JUCE_MODULE_AVAILABLE_juce_data_structures=1",
					"JUCE_MODULE_AVAILABLE_juce_events=1",
					"JUCE_MODULE_AVAILABLE_juce_graphics=1",
					"JUCE_MODULE_AVAILABLE_juce_gui_basics=1",
					"JUCE_GLOBAL_MODULE_SETTINGS_INCLUDED=1",
					"JUCE_STRICT_REFCOUNTEDPOINTER=1",
					"JUCE_STANDALONE_APPLICATION=1",
					"JUCER_XCODE_MAC_F6D2F4CF=1",
					"JUCE_APP_VERSION=1.0.0",
					"JUCE_APP_VERSION_HEX=0x10000",
					"JucePlugin_Build_VST=0",
					"JucePlugin_Build_VST3=0",
					"JucePlugin_Build_AU=0",
					"JucePlugin_Build_AUv3=0",
					"JucePlugin_Build_AAX=0",
					"JucePlugin_Build_Standalone=0",
					"JucePlugin_Build_Unity=0",
					"JucePlugin_Build_LV2=0",
				);
				GCC_VERSION = com.apple.compilers.llvm.clang.1_0;
				HEADER_SEARCH_PATHS = (
					"$(SRCROOT)/../../JuceLibraryCode",
					"$(HOME)/JUCE/modules",
					"$(inherited)",
				);
				INFOPLIST_FILE = Info-App.plist;
				INFOPLIST_PREPROCESS = NO;
				INSTALL_PATH = "$(HOME)/Applications";
				MACOSX_DEPLOYMENT_TARGET = 10.13;
				MTL_HEADER_SEARCH_PATHS = "$(SRCROOT)/../../JuceLibraryCode $(HOME)/JUCE/modules";
				OTHER_LDFLAGS = "-weak_framework Metal -weak_framework MetalKit";
				PRODUCT_BUNDLE_IDENTIFIER = com.yourcompany.MainWindowTutorial;
				PRODUCT_NAME = "MainWindowTutorial";
				USE_HEADERMAP = NO;
				VALID_ARCHS = "i386 x86_64 arm64 arm64e";
			};
			name = Debug;
		};
		D3F66DB230F03B2507ED47F2 /* Debug */ = {
			isa = XCBuildConfiguration;
			buildSettings = {
				ALWAYS_SEARCH_USER_PATHS = NO;
				CLANG_ENABLE_OBJC_WEAK = YES;
				CLANG_WARN_BLOCK_CAPTURE_AUTORELEASING = YES;
				CLANG_WARN_BOOL_CONVERSION = YES;
				CLANG_WARN_COMMA = YES;
				CLANG_WARN_CONSTANT_CONVERSION = YES;
				CLANG_WARN_DEPRECATED_OBJC_IMPLEMENTATIONS = YES;
				CLANG_WARN_EMPTY_BODY = YES;
				CLANG_WARN_ENUM_CONVERSION = YES;
				CLANG_WARN_INFINITE_RECURSION = YES;
				CLANG_WARN_INT_CONVERSION = YES;
				CLANG_WARN_NON_LITERAL_NULL_CONVERSION = YES;
				CLANG_WARN_OBJC_IMPLICIT_RETAIN_SELF = YES;
				CLANG_WARN_OBJC_LITERAL_CONVERSION = YES;
				CLANG_WARN_RANGE_LOOP_ANALYSIS = YES;
				CLANG_WARN_STRICT_PROTOTYPES = YES;
				CLANG_WARN_SUSPICIOUS_MOVE = YES;
				CLANG_WARN_UNREACHABLE_CODE = YES;
				CLANG_WARN__DUPLICATE_METHOD_MATCH = YES;
				DEBUG_INFORMATION_FORMAT = dwarf;
				ENABLE_STRICT_OBJC_MSGSEND = YES;
				ENABLE_TESTABILITY = NO;
				GCC_C_LANGUAGE_STANDARD = c11;
				GCC_INLINES_ARE_PRIVATE_EXTERN = YES;
				GCC_MODEL_TUNING = G5;
				GCC_NO_COMMON_BLOCKS = YES;
				GCC_SYMBOLS_PRIVATE_EXTERN = YES;
				GCC_WARN_64_TO_32_BIT_CONVERSION = YES;
				GCC_WARN_ABOUT_RETURN_TYPE = YES;
				GCC_WARN_CHECK_SWITCH_STATEMENTS = YES;
				GCC_WARN_MISSING_PARENTHESES = YES;
				GCC_WARN_NON_VIRTUAL_DESTRUCTOR = YES;
				GCC_WARN_TYPECHECK_CALLS_TO_PRINTF = YES;
				GCC_WARN_UNDECLARED_SELECTOR = YES;
				GCC_WARN_UNINITIALIZED_AUTOS = YES;
				GCC_WARN_UNUSED_FUNCTION = YES;
				GCC_WARN_UNUSED_VARIABLE = YES;
				ONLY_ACTIVE_ARCH = YES;
				PRODUCT_NAME = "MainWindowTutorial";
				SDKROOT = macosx;
				WARNING_CFLAGS = "-Wreorder";
				ZERO_LINK = NO;
			};
			name = Debug;
		};
		E312E7EEDD2BCF5A6BD459FC /* Release */ = {
			isa = XCBuildConfiguration;
			buildSettings = {
				CLANG_CXX_LANGUAGE_STANDARD = "c++17";
				CLANG_CXX_LIBRARY = "libc++";
				CLANG_LINK_OBJC_RUNTIME = NO;
				COMBINE_HIDPI_IMAGES = YES;
				CONFIGURATION_BUILD_DIR = "$(PROJECT_DIR)/build/$(CONFIGURATION)";
				DEAD_CODE_STRIPPING = YES;
				EXCLUDED_ARCHS = "";
				GCC_GENERATE_DEBUGGING_SYMBOLS = NO;
				GCC_OPTIMIZATION_LEVEL = 3;
				GCC_PREPROCESSOR_DEFINITIONS = (
					"_NDEBUG=1",
					"NDEBUG=1",
					"JUCE_DISPLAY_SPLASH_SCREEN=0",
					"JUCE_USE_DARK_SPLASH_SCREEN=1",
					"JUCE_PROJUCER_VERSION=0x70005",
					"JUCE_MODULE_AVAILABLE_juce_core=1",
					"JUCE_MODULE_AVAILABLE_juce_data_structures=1",
					"JUCE_MODULE_AVAILABLE_juce_events=1",
					"JUCE_MODULE_AVAILABLE_juce_graphics=1",
					"JUCE_MODULE_AVAILABLE_juce_gui_basics=1",
					"JUCE_GLOBAL_MODULE_SETTINGS_INCLUDED=1",
					"JUCE_STRICT_REFCOUNTEDPOINTER=1",
					"JUCE_STANDALONE_APPLICATION=1",
					"JUCER_XCODE_MAC_F6D2F4CF=1",
					"JUCE_APP_VERSION=1.0.0",
					"JUCE_APP_VERSION_HEX=0x10000",
					"JucePlugin_Build_VST=0",
					"JucePlugin_Build_VST3=0",
					"JucePlugin_Build_AU=0",
					"JucePlugin_Build_AUv3=0",
					"JucePlugin_Build_AAX=0",
					"JucePlugin_Build_Standalone=0",
					"JucePlugin_Build_Unity=0",
					"JucePlugin_Build_LV2=0",
				);
				GCC_VERSION = com.apple.compilers.llvm.clang.1_0;
				HEADER_SEARCH_PATHS = (
					"$(SRCROOT)/../../JuceLibraryCode",
					"$(HOME)/JUCE/modules",
					"$(inherited)",
				);
				INFOPLIST_FILE = Info-App.plist;
				INFOPLIST_PREPROCESS = NO;
				INSTALL_PATH = "$(HOME)/Applications";
				LLVM_LTO = YES;
				MACOSX_DEPLOYMENT_TARGET = 10.13;
				MTL_HEADER_SEARCH_PATHS = "$(SRCROOT)/../../JuceLibraryCode $(HOME)/JUCE/modules";
				OTHER_LDFLAGS = "-weak_framework Metal -weak_framework MetalKit";
				PRODUCT_BUNDLE_IDENTIFIER = com.yourcompany.MainWindowTutorial;
				PRODUCT_NAME = "MainWindowTutorial";
				USE_HEADERMAP = NO;
				VALID_ARCHS = "i386 x86_64 arm64 arm64e";
			};
			name = Release;
		};
		E59752289272D2ED35C2E5A8 /* Release */ = {
			isa = XCBuildConfiguration;
			buildSettings = {
				ALWAYS_SEARCH_USER_PATHS = NO;
				CLANG_ENABLE_OBJC_WEAK = YES;
				CLANG_WARN_BLOCK_CAPTURE_AUTORELEASING = YES;
				CLANG_WARN_BOOL_CONVERSION = YES;
				CLANG_WARN_COMMA = YES;
				CLANG_WARN_CONSTANT_CONVERSION = YES;
				CLANG_WARN_DEPRECATED_OBJC_IMPLEMENTATIONS = YES;
				CLANG_WARN_EMPTY_BODY = YES;
				CLANG_WARN_ENUM_CONVERSION = YES;
				CLANG_WARN_INFINITE_RECURSION = YES;
				CLANG_WARN_INT_CONVERSION = YES;
				CLANG_WARN_NON_LITERAL_NULL_CONVERSION = YES;
				CLANG_WARN_OBJC_IMPLICIT_RETAIN_SELF = YES;
				CLANG_WARN_OBJC_LITERAL_CONVERSION = YES;
				CLANG_WARN_RANGE_LOOP_ANALYSIS = YES;
				CLANG_WARN_STRICT_PROTOTYPES = YES;
				CLANG_WARN_SUSPICIOUS_MOVE = YES;
				CLANG_WARN_UNREACHABLE_CODE = YES;
				CLANG_WARN__DUPLICATE_METHOD_MATCH = YES;
				DEBUG_INFORMATION_FORMAT = dwarf;
				ENABLE_STRICT_OBJC_MSGSEND = YES;
				ENABLE_TESTABILITY = NO;
				GCC_C_LANGUAGE_STANDARD = c11;
				GCC_INLINES_ARE_PRIVATE_EXTERN = YES;
				GCC_MODEL_TUNING = G5;
				GCC_NO_COMMON_BLOCKS = YES;
				GCC_SYMBOLS_PRIVATE_EXTERN = YES;
				GCC_WARN_64_TO_32_BIT_CONVERSION = YES;
				GCC_WARN_ABOUT_RETURN_TYPE = YES;
				GCC_WARN_CHECK_SWITCH_STATEMENTS = YES;
				GCC_WARN_MISSING_PARENTHESES = YES;
				GCC_WARN_NON_VIRTUAL_DESTRUCTOR = YES;
				GCC_WARN_TYPECHECK_CALLS_TO_PRINTF = YES;
				GCC_WARN_UNDECLARED_SELECTOR = YES;
				GCC_WARN_UNINITIALIZED_AUTOS = YES;
				GCC_WARN_UNUSED_FUNCTION = YES;
				GCC_WARN_UNUSED_VARIABLE = YES;
				PRODUCT_NAME = "MainWindowTutorial";
				SDKROOT = macosx;
				WARNING_CFLAGS = "-Wreorder";
				ZERO_LINK = NO;
			};
			name = Release;
		};
/* End XCBuildConfiguration section */

/* Begin XCConfigurationList section */
		8F870DFE7BAB28ACF19D03DE = {
			isa = XCConfigurationList;
			buildConfigurations = (
				2842FA5C7AE53376E3B967C1,
				E312E7EEDD2BCF5A6BD459FC,
			);
			defaultConfigurationIsVisible = 0;
			defaultConfigurationName = Debug;
		};
		ABA08F021BDE0EE1F2A17B11 = {
			isa = XCConfigurationList;
			buildConfigurations = (
				D3F66DB230F03B2507ED47F2,
				E59752289272D2ED35C2E5A8,
			);
			defaultConfigurationIsVisible = 0;
			defaultConfigurationName = Debug;
		};
/* End XCConfigurationList section */
	};
	rootObject = 180A2ED508C225086A7DF865 /* Project object */;
}
