
Microsoft Visual Studio Solution File, Format Version 11.00
# Visual Studio Version 16

Project("{8BC9CEB8-8B4A-11D0-8D11-00A0C91BC942}") = "PointLineRectangleTutorial - App", "PointLineRectangleTutorial_App.vcxproj", "{C99298CA-5772-5B8F-E7D2-1EF8FA7C1E46}"
EndProject
Global
	GlobalSection(SolutionConfigurationPlatforms) = preSolution
		Debug|x64 = Debug|x64
		Release|x64 = Release|x64
	EndGlobalSection
	GlobalSection(ProjectConfigurationPlatforms) = postSolution
		{C99298CA-5772-5B8F-E7D2-1EF8FA7C1E46}.Debug|x64.ActiveCfg = Debug|x64
		{C99298CA-5772-5B8F-E7D2-1EF8FA7C1E46}.Debug|x64.Build.0 = Debug|x64
		{C99298CA-5772-5B8F-E7D2-1EF8FA7C1E46}.Release|x64.ActiveCfg = Release|x64
		{C99298CA-5772-5B8F-E7D2-1EF8FA7C1E46}.Release|x64.Build.0 = Release|x64
	EndGlobalSection
	GlobalSection(SolutionProperties) = preSolution
		HideSolutionNode = FALSE
	EndGlobalSection
EndGlobal
